<?xml version="1.0" encoding="utf-8"?>
<Project ToolsVersion="4.0" xmlns="http://schemas.microsoft.com/developer/msbuild/2003">
  <ItemGroup>
    <ClCompile Include="MainWindow.cpp">
      <Filter>Source Files</Filter>
    </ClCompile>
    <ClCompile Include="GeneratedFiles\Debug\moc_MainWindow.cpp">
      <Filter>Generated Files\Debug</Filter>
    </ClCompile>
    <ClCompile Include="GeneratedFiles\Release\moc_MainWindow.cpp">
      <Filter>Generated Files\Release</Filter>
    </ClCompile>
    <ClCompile Include="GeneratedFiles\qrc_MainWindow.cpp">
      <Filter>Generated Files</Filter>
    </ClCompile>
    <ClCompile Include="main.cpp">
      <Filter>Source Files</Filter>
    </ClCompile>
    <ClCompile Include="Classifier.cpp">
      <Filter>Source Files</Filter>
    </ClCompile>
    <ClCompile Include="Regression.cpp">
      <Filter>Source Files</Filter>
    </ClCompile>
    <ClCompile Include="ParameterEstimationDialog.cpp">
      <Filter>Source Files</Filter>
    </ClCompile>
    <ClCompile Include="GeneratedFiles\Debug\moc_ParameterEstimationDialog.cpp">
      <Filter>Generated Files\Debug</Filter>
    </ClCompile>
    <ClCompile Include="GeneratedFiles\Release\moc_ParameterEstimationDialog.cpp">
      <Filter>Generated Files\Release</Filter>
    </ClCompile>
    <ClCompile Include="facadeA.cpp">
      <Filter>Source Files</Filter>
    </ClCompile>
    <ClCompile Include="facadeB.cpp">
      <Filter>Source Files</Filter>
    </ClCompile>
    <ClCompile Include="facadeC.cpp">
      <Filter>Source Files</Filter>
    </ClCompile>
    <ClCompile Include="facadeD.cpp">
      <Filter>Source Files</Filter>
    </ClCompile>
    <ClCompile Include="Utils.cpp">
      <Filter>Source Files</Filter>
    </ClCompile>
    <ClCompile Include="ImageGenerationDialog.cpp">
      <Filter>Source Files</Filter>
    </ClCompile>
    <ClCompile Include="GeneratedFiles\Debug\moc_ImageGenerationDialog.cpp">
      <Filter>Generated Files\Debug</Filter>
    </ClCompile>
    <ClCompile Include="GeneratedFiles\Release\moc_ImageGenerationDialog.cpp">
      <Filter>Generated Files\Release</Filter>
    </ClCompile>
    <ClCompile Include="facadeE.cpp">
      <Filter>Source Files</Filter>
    </ClCompile>
    <ClCompile Include="facadeF.cpp">
      <Filter>Source Files</Filter>
    </ClCompile>
    <ClCompile Include="facadeG.cpp">
      <Filter>Source Files</Filter>
    </ClCompile>
    <ClCompile Include="facadeH.cpp">
      <Filter>Source Files</Filter>
    </ClCompile>
    <ClCompile Include="FacadeSegmentation.cpp">
      <Filter>Source Files</Filter>
    </ClCompile>
    <ClCompile Include="CVUtils.cpp">
      <Filter>Source Files</Filter>
    </ClCompile>
    <ClCompile Include="Canvas.cpp">
      <Filter>Source Files</Filter>
    </ClCompile>
    <ClCompile Include="WindowPositioning.cpp">
      <Filter>Source Files</Filter>
    </ClCompile>
    <ClCompile Include="WindowRecognition.cpp">
      <Filter>Source Files</Filter>
    </ClCompile>
    <ClCompile Include="FacadeReconstruction.cpp">
      <Filter>Source Files</Filter>
    </ClCompile>
  </ItemGroup>
  <ItemGroup>
    <Filter Include="Generated Files">
      <UniqueIdentifier>{71ED8ED8-ACB9-4CE9-BBE1-E00B30144E11}</UniqueIdentifier>
      <Extensions>moc;h;cpp</Extensions>
      <ParseFiles>true</ParseFiles>
    </Filter>
    <Filter Include="Form Files">
      <UniqueIdentifier>{99349809-55BA-4b9d-BF79-8FDBB0286EB3}</UniqueIdentifier>
      <Extensions>ui</Extensions>
      <ParseFiles>true</ParseFiles>
    </Filter>
    <Filter Include="Source Files">
      <UniqueIdentifier>{4FC737F1-C7A5-4376-A066-2A32D752A2FF}</UniqueIdentifier>
      <Extensions>cpp;cxx;c;def</Extensions>
      <ParseFiles>true</ParseFiles>
    </Filter>
    <Filter Include="Header Files">
      <UniqueIdentifier>{93995380-89BD-4b04-88EB-625FBE52EBFB}</UniqueIdentifier>
      <Extensions>h</Extensions>
      <ParseFiles>true</ParseFiles>
    </Filter>
    <Filter Include="Generated Files\Debug">
      <UniqueIdentifier>{56d4368c-04a2-463a-b533-53ec159f3b9f}</UniqueIdentifier>
      <Extensions>cpp;moc</Extensions>
      <SourceControlFiles>False</SourceControlFiles>
    </Filter>
    <Filter Include="Generated Files\Release">
      <UniqueIdentifier>{8a86657b-9f9e-49bf-b211-70c24ccc7d37}</UniqueIdentifier>
      <Extensions>cpp;moc</Extensions>
      <SourceControlFiles>False</SourceControlFiles>
    </Filter>
    <Filter Include="Resource Files">
      <UniqueIdentifier>{D9D6E242-F8AF-46E4-B9FD-80ECBC20BA3E}</UniqueIdentifier>
      <Extensions>qrc;*</Extensions>
      <ParseFiles>false</ParseFiles>
    </Filter>
  </ItemGroup>
  <ItemGroup>
    <CustomBuild Include="MainWindow.h">
      <Filter>Header Files</Filter>
    </CustomBuild>
    <CustomBuild Include="MainWindow.qrc">
      <Filter>Resource Files</Filter>
    </CustomBuild>
    <CustomBuild Include="MainWindow.ui">
      <Filter>Form Files</Filter>
    </CustomBuild>
    <CustomBuild Include="ParameterEstimationDialog.h">
      <Filter>Header Files</Filter>
    </CustomBuild>
    <CustomBuild Include="ParameterEstimationDialog.ui">
      <Filter>Form Files</Filter>
    </CustomBuild>
    <CustomBuild Include="ImageGenerationDialog.h">
      <Filter>Header Files</Filter>
    </CustomBuild>
    <CustomBuild Include="ImageGenerationDialog.ui">
      <Filter>Form Files</Filter>
    </CustomBuild>
  </ItemGroup>
  <ItemGroup>
    <ClInclude Include="GeneratedFiles\ui_MainWindow.h">
      <Filter>Generated Files</Filter>
    </ClInclude>
    <ClInclude Include="Classifier.h">
      <Filter>Header Files</Filter>
    </ClInclude>
    <ClInclude Include="Regression.h">
      <Filter>Header Files</Filter>
    </ClInclude>
    <ClInclude Include="GeneratedFiles\ui_ParameterEstimationDialog.h">
      <Filter>Generated Files</Filter>
    </ClInclude>
    <ClInclude Include="facadeA.h">
      <Filter>Header Files</Filter>
    </ClInclude>
    <ClInclude Include="facadeB.h">
      <Filter>Header Files</Filter>
    </ClInclude>
    <ClInclude Include="facadeC.h">
      <Filter>Header Files</Filter>
    </ClInclude>
    <ClInclude Include="facadeD.h">
      <Filter>Header Files</Filter>
    </ClInclude>
    <ClInclude Include="Utils.h">
      <Filter>Header Files</Filter>
    </ClInclude>
    <ClInclude Include="GeneratedFiles\ui_ImageGenerationDialog.h">
      <Filter>Generated Files</Filter>
    </ClInclude>
    <ClInclude Include="facadeE.h">
      <Filter>Header Files</Filter>
    </ClInclude>
    <ClInclude Include="facadeF.h">
      <Filter>Header Files</Filter>
    </ClInclude>
    <ClInclude Include="facadeG.h">
      <Filter>Header Files</Filter>
    </ClInclude>
    <ClInclude Include="facadeH.h">
      <Filter>Header Files</Filter>
    </ClInclude>
    <ClInclude Include="FacadeSegmentation.h">
      <Filter>Header Files</Filter>
    </ClInclude>
    <ClInclude Include="CVUtils.h">
      <Filter>Header Files</Filter>
    </ClInclude>
    <ClInclude Include="Canvas.h">
      <Filter>Header Files</Filter>
    </ClInclude>
    <ClInclude Include="WindowRecognition.h">
      <Filter>Header Files</Filter>
    </ClInclude>
    <ClInclude Include="WindowPositioning.h">
      <Filter>Header Files</Filter>
    </ClInclude>
    <ClInclude Include="FacadeReconstruction.h">
      <Filter>Header Files</Filter>
    </ClInclude>
  </ItemGroup>
</Project>